
Microsoft Visual Studio Solution File, Format Version 12.00
# Visual Studio Version 17
VisualStudioVersion = 17.0.31903.59
MinimumVisualStudioVersion = 10.0.40219.1
Project("{FAE04EC0-301F-11D3-BF4B-00C04F79EFBC}") = "TaskManager", "TaskManager\TaskManager.csproj", "{BCDBF466-95C8-4B41-9E85-B8CAC93FC543}"
EndProject
Project("{FAE04EC0-301F-11D3-BF4B-00C04F79EFBC}") = "TaskManager.Tests", "TaskManager.Tests\TaskManager.Tests.csproj", "{F1F76D40-AB74-4198-841F-8C6093D08428}"
EndProject
Global
	GlobalSection(SolutionConfigurationPlatforms) = preSolution
		Debug|Any CPU = Debug|Any CPU
		Release|Any CPU = Release|Any CPU
	EndGlobalSection
	GlobalSection(SolutionProperties) = preSolution
		HideSolutionNode = FALSE
	EndGlobalSection
	GlobalSection(ProjectConfigurationPlatforms) = postSolution
		{BCDBF466-95C8-4B41-9E85-B8CAC93FC543}.Debug|Any CPU.ActiveCfg = Debug|Any CPU
		{BCDBF466-95C8-4B41-9E85-B8CAC93FC543}.Debug|Any CPU.Build.0 = Debug|Any CPU
		{BCDBF466-95C8-4B41-9E85-B8CAC93FC543}.Release|Any CPU.ActiveCfg = Release|Any CPU
		{BCDBF466-95C8-4B41-9E85-B8CAC93FC543}.Release|Any CPU.Build.0 = Release|Any CPU
		{F1F76D40-AB74-4198-841F-8C6093D08428}.Debug|Any CPU.ActiveCfg = Debug|Any CPU
		{F1F76D40-AB74-4198-841F-8C6093D08428}.Debug|Any CPU.Build.0 = Debug|Any CPU
		{F1F76D40-AB74-4198-841F-8C6093D08428}.Release|Any CPU.ActiveCfg = Release|Any CPU
		{F1F76D40-AB74-4198-841F-8C6093D08428}.Release|Any CPU.Build.0 = Release|Any CPU
	EndGlobalSection
EndGlobal
